
Microsoft Visual Studio Solution File, Format Version 12.00
# Visual Studio 14
VisualStudioVersion = 14.0.24720.0
MinimumVisualStudioVersion = 10.0.40219.1
Project("{FAE04EC0-301F-11D3-BF4B-00C04F79EFBC}") = "MeetupReminder", "MeetupReminder\MeetupReminder.csproj", "{FBB9DE08-3DBC-46A0-A335-6E352D320DFB}"
EndProject
Global
	GlobalSection(SolutionConfigurationPlatforms) = preSolution
		Debug|Any CPU = Debug|Any CPU
		Release|Any CPU = Release|Any CPU
	EndGlobalSection
	GlobalSection(ProjectConfigurationPlatforms) = postSolution
		{FBB9DE08-3DBC-46A0-A335-6E352D320DFB}.Debug|Any CPU.ActiveCfg = Debug|Any CPU
		{FBB9DE08-3DBC-46A0-A335-6E352D320DFB}.Debug|Any CPU.Build.0 = Debug|Any CPU
		{FBB9DE08-3DBC-46A0-A335-6E352D320DFB}.Release|Any CPU.ActiveCfg = Release|Any CPU
		{FBB9DE08-3DBC-46A0-A335-6E352D320DFB}.Release|Any CPU.Build.0 = Release|Any CPU
	EndGlobalSection
	GlobalSection(SolutionProperties) = preSolution
		HideSolutionNode = FALSE
	EndGlobalSection
EndGlobal
